
Microsoft Visual Studio Solution File, Format Version 12.00
# Visual Studio Version 17
VisualStudioVersion = 17.7.34024.191
MinimumVisualStudioVersion = 10.0.40219.1
Project("{FAE04EC0-301F-11D3-BF4B-00C04F79EFBC}") = "FInalCRUDAPI", "FInalCRUDAPI\FInalCRUDAPI.csproj", "{7F09AA71-BAFE-4CE7-BE34-C4A834A92710}"
EndProject
Global
	GlobalSection(SolutionConfigurationPlatforms) = preSolution
		Debug|Any CPU = Debug|Any CPU
		Release|Any CPU = Release|Any CPU
	EndGlobalSection
	GlobalSection(ProjectConfigurationPlatforms) = postSolution
		{7F09AA71-BAFE-4CE7-BE34-C4A834A92710}.Debug|Any CPU.ActiveCfg = Debug|Any CPU
		{7F09AA71-BAFE-4CE7-BE34-C4A834A92710}.Debug|Any CPU.Build.0 = Debug|Any CPU
		{7F09AA71-BAFE-4CE7-BE34-C4A834A92710}.Release|Any CPU.ActiveCfg = Release|Any CPU
		{7F09AA71-BAFE-4CE7-BE34-C4A834A92710}.Release|Any CPU.Build.0 = Release|Any CPU
	EndGlobalSection
	GlobalSection(SolutionProperties) = preSolution
		HideSolutionNode = FALSE
	EndGlobalSection
	GlobalSection(ExtensibilityGlobals) = postSolution
		SolutionGuid = {5E2A2907-89EE-4EF8-B2D6-1EEB801BEB89}
	EndGlobalSection
EndGlobal
